
Microsoft Visual Studio Solution File, Format Version 12.00
# Visual Studio Version 17
VisualStudioVersion = 17.0.31903.59
MinimumVisualStudioVersion = 10.0.40219.1
Project("{FAE04EC0-301F-11D3-BF4B-00C04F79EFBC}") = "TestSystem", "TestSystem\TestSystem.csproj", "{9FCCF03B-8791-44C7-A026-480D6A29FF95}"
EndProject
Global
	GlobalSection(SolutionConfigurationPlatforms) = preSolution
		Debug|Any CPU = Debug|Any CPU
		Release|Any CPU = Release|Any CPU
	EndGlobalSection
	GlobalSection(SolutionProperties) = preSolution
		HideSolutionNode = FALSE
	EndGlobalSection
	GlobalSection(ProjectConfigurationPlatforms) = postSolution
		{9FCCF03B-8791-44C7-A026-480D6A29FF95}.Debug|Any CPU.ActiveCfg = Debug|Any CPU
		{9FCCF03B-8791-44C7-A026-480D6A29FF95}.Debug|Any CPU.Build.0 = Debug|Any CPU
		{9FCCF03B-8791-44C7-A026-480D6A29FF95}.Release|Any CPU.ActiveCfg = Release|Any CPU
		{9FCCF03B-8791-44C7-A026-480D6A29FF95}.Release|Any CPU.Build.0 = Release|Any CPU
	EndGlobalSection
EndGlobal
